
Microsoft Visual Studio Solution File, Format Version 12.00
# Visual Studio Version 17
VisualStudioVersion = 17.11.35219.272
MinimumVisualStudioVersion = 10.0.40219.1
Project("{9A19103F-16F7-4668-BE54-9A1E7A4F7556}") = "WebTodo", "WebTodo\WebTodo.csproj", "{7ECA7D9B-2743-461C-A794-AFDFC7BB94C7}"
EndProject
Global
	GlobalSection(SolutionConfigurationPlatforms) = preSolution
		Debug|Any CPU = Debug|Any CPU
		Release|Any CPU = Release|Any CPU
	EndGlobalSection
	GlobalSection(ProjectConfigurationPlatforms) = postSolution
		{7ECA7D9B-2743-461C-A794-AFDFC7BB94C7}.Debug|Any CPU.ActiveCfg = Debug|Any CPU
		{7ECA7D9B-2743-461C-A794-AFDFC7BB94C7}.Debug|Any CPU.Build.0 = Debug|Any CPU
		{7ECA7D9B-2743-461C-A794-AFDFC7BB94C7}.Release|Any CPU.ActiveCfg = Release|Any CPU
		{7ECA7D9B-2743-461C-A794-AFDFC7BB94C7}.Release|Any CPU.Build.0 = Release|Any CPU
	EndGlobalSection
	GlobalSection(SolutionProperties) = preSolution
		HideSolutionNode = FALSE
	EndGlobalSection
	GlobalSection(ExtensibilityGlobals) = postSolution
		SolutionGuid = {D81DB1A9-3E3E-4372-A3FB-C8F006A63A21}
	EndGlobalSection
EndGlobal
